
Microsoft Visual Studio Solution File, Format Version 12.00
# Visual Studio Version 17
VisualStudioVersion = 17.3.32825.248
MinimumVisualStudioVersion = 10.0.40219.1
Project("{FAE04EC0-301F-11D3-BF4B-00C04F79EFBC}") = "CloudFit.Rwo.Backend.Api", "CloudFit.Rwo.Backend.Api\CloudFit.Rwo.Backend.Api.csproj", "{EF87D979-8858-4CB3-BA4B-ADF78A4E20A6}"
EndProject
Global
	GlobalSection(SolutionConfigurationPlatforms) = preSolution
		Debug|Any CPU = Debug|Any CPU
		Release|Any CPU = Release|Any CPU
	EndGlobalSection
	GlobalSection(ProjectConfigurationPlatforms) = postSolution
		{EF87D979-8858-4CB3-BA4B-ADF78A4E20A6}.Debug|Any CPU.ActiveCfg = Debug|Any CPU
		{EF87D979-8858-4CB3-BA4B-ADF78A4E20A6}.Debug|Any CPU.Build.0 = Debug|Any CPU
		{EF87D979-8858-4CB3-BA4B-ADF78A4E20A6}.Release|Any CPU.ActiveCfg = Release|Any CPU
		{EF87D979-8858-4CB3-BA4B-ADF78A4E20A6}.Release|Any CPU.Build.0 = Release|Any CPU
	EndGlobalSection
	GlobalSection(SolutionProperties) = preSolution
		HideSolutionNode = FALSE
	EndGlobalSection
	GlobalSection(ExtensibilityGlobals) = postSolution
		SolutionGuid = {DD041E68-244D-4CD9-94DF-0D9C94D44576}
	EndGlobalSection
EndGlobal
